
Microsoft Visual Studio Solution File, Format Version 12.00
# Visual Studio 14
VisualStudioVersion = 14.0.25420.1
MinimumVisualStudioVersion = 10.0.40219.1
Project("{FAE04EC0-301F-11D3-BF4B-00C04F79EFBC}") = "CSVParser", "CSVParser\CSVParser.csproj", "{80A8E1A1-DB98-4F53-BD08-C34ECAD52E1D}"
EndProject
Global
	GlobalSection(SolutionConfigurationPlatforms) = preSolution
		Debug|Any CPU = Debug|Any CPU
		Release|Any CPU = Release|Any CPU
	EndGlobalSection
	GlobalSection(ProjectConfigurationPlatforms) = postSolution
		{80A8E1A1-DB98-4F53-BD08-C34ECAD52E1D}.Debug|Any CPU.ActiveCfg = Debug|Any CPU
		{80A8E1A1-DB98-4F53-BD08-C34ECAD52E1D}.Debug|Any CPU.Build.0 = Debug|Any CPU
		{80A8E1A1-DB98-4F53-BD08-C34ECAD52E1D}.Release|Any CPU.ActiveCfg = Release|Any CPU
		{80A8E1A1-DB98-4F53-BD08-C34ECAD52E1D}.Release|Any CPU.Build.0 = Release|Any CPU
	EndGlobalSection
	GlobalSection(SolutionProperties) = preSolution
		HideSolutionNode = FALSE
	EndGlobalSection
EndGlobal
